// !$*UTF8*$!
{
	archiveVersion = 1;
	classes = {
	};
	objectVersion = 50;
	objects = {

/* Begin PBXBuildFile section */
		1B14034326877994007A5150 /* AppDelegate.swift in Sources */ = {isa = PBXBuildFile; fileRef = 1B14034226877994007A5150 /* AppDelegate.swift */; };
		1B14034526877994007A5150 /* SceneDelegate.swift in Sources */ = {isa = PBXBuildFile; fileRef = 1B14034426877994007A5150 /* SceneDelegate.swift */; };
		1B14034C26877995007A5150 /* Assets.xcassets in Resources */ = {isa = PBXBuildFile; fileRef = 1B14034B26877995007A5150 /* Assets.xcassets */; };
		1B14034F26877995007A5150 /* LaunchScreen.storyboard in Resources */ = {isa = PBXBuildFile; fileRef = 1B14034D26877995007A5150 /* LaunchScreen.storyboard */; };
		1B140362268780B9007A5150 /* DefaultMainScreenInteractor.swift in Sources */ = {isa = PBXBuildFile; fileRef = 1B14035C268780B9007A5150 /* DefaultMainScreenInteractor.swift */; };
		1B140363268780B9007A5150 /* MainScreenProtocols.swift in Sources */ = {isa = PBXBuildFile; fileRef = 1B14035D268780B9007A5150 /* MainScreenProtocols.swift */; };
		1B140364268780B9007A5150 /* MainScreenVC.swift in Sources */ = {isa = PBXBuildFile; fileRef = 1B14035E268780B9007A5150 /* MainScreenVC.swift */; };
		1B140365268780B9007A5150 /* MainScreenConfigurator.swift in Sources */ = {isa = PBXBuildFile; fileRef = 1B14035F268780B9007A5150 /* MainScreenConfigurator.swift */; };
		1B140366268780B9007A5150 /* DefaultMainScreenPresenter.swift in Sources */ = {isa = PBXBuildFile; fileRef = 1B140360268780B9007A5150 /* DefaultMainScreenPresenter.swift */; };
		1B1403812687EDF6007A5150 /* FPSStatusBarWindow.swift in Sources */ = {isa = PBXBuildFile; fileRef = 1B14037E2687EDF6007A5150 /* FPSStatusBarWindow.swift */; };
		1B1403822687EDF6007A5150 /* FPSCounter.swift in Sources */ = {isa = PBXBuildFile; fileRef = 1B14037F2687EDF6007A5150 /* FPSCounter.swift */; };
		1B1403832687EDF6007A5150 /* FPSStatusBarViewController.swift in Sources */ = {isa = PBXBuildFile; fileRef = 1B1403802687EDF6007A5150 /* FPSStatusBarViewController.swift */; };
		1B723159268FC9BB009A2282 /* UIAlertController+ShowSimpleMessage.swift in Sources */ = {isa = PBXBuildFile; fileRef = 1B723158268FC9BB009A2282 /* UIAlertController+ShowSimpleMessage.swift */; };
		1B72315B268FCA4C009A2282 /* UIColor+Hex.swift in Sources */ = {isa = PBXBuildFile; fileRef = 1B72315A268FCA4C009A2282 /* UIColor+Hex.swift */; };
		1B72315D268FCAC1009A2282 /* UIColor+DomRFColors.swift in Sources */ = {isa = PBXBuildFile; fileRef = 1B72315C268FCAC1009A2282 /* UIColor+DomRFColors.swift */; };
		1B72315F268FCF3C009A2282 /* UIAlertController+PresentAlert.swift in Sources */ = {isa = PBXBuildFile; fileRef = 1B72315E268FCF3C009A2282 /* UIAlertController+PresentAlert.swift */; };
		1B723163268FD148009A2282 /* BigButtonView.swift in Sources */ = {isa = PBXBuildFile; fileRef = 1B723161268FD148009A2282 /* BigButtonView.swift */; };
		1B723165268FDE9C009A2282 /* FontStyle.swift in Sources */ = {isa = PBXBuildFile; fileRef = 1B723164268FDE9C009A2282 /* FontStyle.swift */; };
/* End PBXBuildFile section */

/* Begin PBXFileReference section */
		1B14033F26877994007A5150 /* Improving the application.app */ = {isa = PBXFileReference; explicitFileType = wrapper.application; includeInIndex = 0; path = "Improving the application.app"; sourceTree = BUILT_PRODUCTS_DIR; };
		1B14034226877994007A5150 /* AppDelegate.swift */ = {isa = PBXFileReference; lastKnownFileType = sourcecode.swift; path = AppDelegate.swift; sourceTree = "<group>"; };
		1B14034426877994007A5150 /* SceneDelegate.swift */ = {isa = PBXFileReference; lastKnownFileType = sourcecode.swift; path = SceneDelegate.swift; sourceTree = "<group>"; };
		1B14034B26877995007A5150 /* Assets.xcassets */ = {isa = PBXFileReference; lastKnownFileType = folder.assetcatalog; path = Assets.xcassets; sourceTree = "<group>"; };
		1B14034E26877995007A5150 /* Base */ = {isa = PBXFileReference; lastKnownFileType = file.storyboard; name = Base; path = Base.lproj/LaunchScreen.storyboard; sourceTree = "<group>"; };
		1B14035026877995007A5150 /* Info.plist */ = {isa = PBXFileReference; lastKnownFileType = text.plist.xml; path = Info.plist; sourceTree = "<group>"; };
		1B14035C268780B9007A5150 /* DefaultMainScreenInteractor.swift */ = {isa = PBXFileReference; lastKnownFileType = sourcecode.swift; path = DefaultMainScreenInteractor.swift; sourceTree = "<group>"; };
		1B14035D268780B9007A5150 /* MainScreenProtocols.swift */ = {isa = PBXFileReference; lastKnownFileType = sourcecode.swift; path = MainScreenProtocols.swift; sourceTree = "<group>"; };
		1B14035E268780B9007A5150 /* MainScreenVC.swift */ = {isa = PBXFileReference; lastKnownFileType = sourcecode.swift; path = MainScreenVC.swift; sourceTree = "<group>"; };
		1B14035F268780B9007A5150 /* MainScreenConfigurator.swift */ = {isa = PBXFileReference; lastKnownFileType = sourcecode.swift; path = MainScreenConfigurator.swift; sourceTree = "<group>"; };
		1B140360268780B9007A5150 /* DefaultMainScreenPresenter.swift */ = {isa = PBXFileReference; lastKnownFileType = sourcecode.swift; path = DefaultMainScreenPresenter.swift; sourceTree = "<group>"; };
		1B14037E2687EDF6007A5150 /* FPSStatusBarWindow.swift */ = {isa = PBXFileReference; fileEncoding = 4; lastKnownFileType = sourcecode.swift; path = FPSStatusBarWindow.swift; sourceTree = "<group>"; };
		1B14037F2687EDF6007A5150 /* FPSCounter.swift */ = {isa = PBXFileReference; fileEncoding = 4; lastKnownFileType = sourcecode.swift; path = FPSCounter.swift; sourceTree = "<group>"; };
		1B1403802687EDF6007A5150 /* FPSStatusBarViewController.swift */ = {isa = PBXFileReference; fileEncoding = 4; lastKnownFileType = sourcecode.swift; path = FPSStatusBarViewController.swift; sourceTree = "<group>"; };
		1B723158268FC9BB009A2282 /* UIAlertController+ShowSimpleMessage.swift */ = {isa = PBXFileReference; lastKnownFileType = sourcecode.swift; path = "UIAlertController+ShowSimpleMessage.swift"; sourceTree = "<group>"; };
		1B72315A268FCA4C009A2282 /* UIColor+Hex.swift */ = {isa = PBXFileReference; lastKnownFileType = sourcecode.swift; path = "UIColor+Hex.swift"; sourceTree = "<group>"; };
		1B72315C268FCAC1009A2282 /* UIColor+DomRFColors.swift */ = {isa = PBXFileReference; lastKnownFileType = sourcecode.swift; path = "UIColor+DomRFColors.swift"; sourceTree = "<group>"; };
		1B72315E268FCF3C009A2282 /* UIAlertController+PresentAlert.swift */ = {isa = PBXFileReference; lastKnownFileType = sourcecode.swift; path = "UIAlertController+PresentAlert.swift"; sourceTree = "<group>"; };
		1B723161268FD148009A2282 /* BigButtonView.swift */ = {isa = PBXFileReference; lastKnownFileType = sourcecode.swift; path = BigButtonView.swift; sourceTree = "<group>"; };
		1B723164268FDE9C009A2282 /* FontStyle.swift */ = {isa = PBXFileReference; lastKnownFileType = sourcecode.swift; path = FontStyle.swift; sourceTree = "<group>"; };
/* End PBXFileReference section */

/* Begin PBXFrameworksBuildPhase section */
		1B14033C26877994007A5150 /* Frameworks */ = {
			isa = PBXFrameworksBuildPhase;
			buildActionMask = 2147483647;
			files = (
			);
			runOnlyForDeploymentPostprocessing = 0;
		};
/* End PBXFrameworksBuildPhase section */

/* Begin PBXGroup section */
		1B14033626877994007A5150 = {
			isa = PBXGroup;
			children = (
				1B14034126877994007A5150 /* Improving the application */,
				1B14034026877994007A5150 /* Products */,
			);
			sourceTree = "<group>";
		};
		1B14034026877994007A5150 /* Products */ = {
			isa = PBXGroup;
			children = (
				1B14033F26877994007A5150 /* Improving the application.app */,
			);
			name = Products;
			sourceTree = "<group>";
		};
		1B14034126877994007A5150 /* Improving the application */ = {
			isa = PBXGroup;
			children = (
				1B1403592687800F007A5150 /* System */,
				1B14035826877FEF007A5150 /* Extensions */,
				1B14035726877FE7007A5150 /* UserStories */,
				1B14035626877FD5007A5150 /* UIComponents */,
				1B14037C2687EDEC007A5150 /* CustomHelpers */,
			);
			path = "Improving the application";
			sourceTree = "<group>";
		};
		1B14035626877FD5007A5150 /* UIComponents */ = {
			isa = PBXGroup;
			children = (
				1B723161268FD148009A2282 /* BigButtonView.swift */,
			);
			path = UIComponents;
			sourceTree = "<group>";
		};
		1B14035726877FE7007A5150 /* UserStories */ = {
			isa = PBXGroup;
			children = (
				1B1403682687891D007A5150 /* MainScreen */,
			);
			path = UserStories;
			sourceTree = "<group>";
		};
		1B14035826877FEF007A5150 /* Extensions */ = {
			isa = PBXGroup;
			children = (
				1B72315E268FCF3C009A2282 /* UIAlertController+PresentAlert.swift */,
				1B723158268FC9BB009A2282 /* UIAlertController+ShowSimpleMessage.swift */,
				1B72315A268FCA4C009A2282 /* UIColor+Hex.swift */,
				1B72315C268FCAC1009A2282 /* UIColor+DomRFColors.swift */,
				1B723164268FDE9C009A2282 /* FontStyle.swift */,
			);
			path = Extensions;
			sourceTree = "<group>";
		};
		1B1403592687800F007A5150 /* System */ = {
			isa = PBXGroup;
			children = (
				1B14034D26877995007A5150 /* LaunchScreen.storyboard */,
				1B14034B26877995007A5150 /* Assets.xcassets */,
				1B14034426877994007A5150 /* SceneDelegate.swift */,
				1B14034226877994007A5150 /* AppDelegate.swift */,
				1B14035026877995007A5150 /* Info.plist */,
			);
			path = System;
			sourceTree = "<group>";
		};
		1B14035A26878071007A5150 /* Module */ = {
			isa = PBXGroup;
			children = (
				1B14035C268780B9007A5150 /* DefaultMainScreenInteractor.swift */,
				1B14035D268780B9007A5150 /* MainScreenProtocols.swift */,
				1B14035E268780B9007A5150 /* MainScreenVC.swift */,
				1B14035F268780B9007A5150 /* MainScreenConfigurator.swift */,
				1B140360268780B9007A5150 /* DefaultMainScreenPresenter.swift */,
			);
			path = Module;
			sourceTree = "<group>";
		};
		1B1403682687891D007A5150 /* MainScreen */ = {
			isa = PBXGroup;
			children = (
				1B14035A26878071007A5150 /* Module */,
			);
			path = MainScreen;
			sourceTree = "<group>";
		};
		1B14037C2687EDEC007A5150 /* CustomHelpers */ = {
			isa = PBXGroup;
			children = (
				1B14037D2687EDF6007A5150 /* FPSCounter */,
			);
			path = CustomHelpers;
			sourceTree = "<group>";
		};
		1B14037D2687EDF6007A5150 /* FPSCounter */ = {
			isa = PBXGroup;
			children = (
				1B14037E2687EDF6007A5150 /* FPSStatusBarWindow.swift */,
				1B14037F2687EDF6007A5150 /* FPSCounter.swift */,
				1B1403802687EDF6007A5150 /* FPSStatusBarViewController.swift */,
			);
			path = FPSCounter;
			sourceTree = "<group>";
		};
/* End PBXGroup section */

/* Begin PBXNativeTarget section */
		1B14033E26877994007A5150 /* Improving the application */ = {
			isa = PBXNativeTarget;
			buildConfigurationList = 1B14035326877995007A5150 /* Build configuration list for PBXNativeTarget "Improving the application" */;
			buildPhases = (
				1B14033B26877994007A5150 /* Sources */,
				1B14033C26877994007A5150 /* Frameworks */,
				1B14033D26877994007A5150 /* Resources */,
			);
			buildRules = (
			);
			dependencies = (
			);
			name = "Improving the application";
			productName = "Improving the application";
			productReference = 1B14033F26877994007A5150 /* Improving the application.app */;
			productType = "com.apple.product-type.application";
		};
/* End PBXNativeTarget section */

/* Begin PBXProject section */
		1B14033726877994007A5150 /* Project object */ = {
			isa = PBXProject;
			attributes = {
				LastSwiftUpdateCheck = 1250;
				LastUpgradeCheck = 1250;
				TargetAttributes = {
					1B14033E26877994007A5150 = {
						CreatedOnToolsVersion = 12.5.1;
					};
				};
			};
			buildConfigurationList = 1B14033A26877994007A5150 /* Build configuration list for PBXProject "Improving the application" */;
			compatibilityVersion = "Xcode 9.3";
			developmentRegion = en;
			hasScannedForEncodings = 0;
			knownRegions = (
				en,
				Base,
			);
			mainGroup = 1B14033626877994007A5150;
			productRefGroup = 1B14034026877994007A5150 /* Products */;
			projectDirPath = "";
			projectRoot = "";
			targets = (
				1B14033E26877994007A5150 /* Improving the application */,
			);
		};
/* End PBXProject section */

/* Begin PBXResourcesBuildPhase section */
		1B14033D26877994007A5150 /* Resources */ = {
			isa = PBXResourcesBuildPhase;
			buildActionMask = 2147483647;
			files = (
				1B14034F26877995007A5150 /* LaunchScreen.storyboard in Resources */,
				1B14034C26877995007A5150 /* Assets.xcassets in Resources */,
			);
			runOnlyForDeploymentPostprocessing = 0;
		};
/* End PBXResourcesBuildPhase section */

/* Begin PBXSourcesBuildPhase section */
		1B14033B26877994007A5150 /* Sources */ = {
			isa = PBXSourcesBuildPhase;
			buildActionMask = 2147483647;
			files = (
				1B140363268780B9007A5150 /* MainScreenProtocols.swift in Sources */,
				1B1403832687EDF6007A5150 /* FPSStatusBarViewController.swift in Sources */,
				1B1403822687EDF6007A5150 /* FPSCounter.swift in Sources */,
				1B140366268780B9007A5150 /* DefaultMainScreenPresenter.swift in Sources */,
				1B72315D268FCAC1009A2282 /* UIColor+DomRFColors.swift in Sources */,
				1B1403812687EDF6007A5150 /* FPSStatusBarWindow.swift in Sources */,
				1B723165268FDE9C009A2282 /* FontStyle.swift in Sources */,
				1B14034326877994007A5150 /* AppDelegate.swift in Sources */,
				1B723163268FD148009A2282 /* BigButtonView.swift in Sources */,
				1B72315F268FCF3C009A2282 /* UIAlertController+PresentAlert.swift in Sources */,
				1B140364268780B9007A5150 /* MainScreenVC.swift in Sources */,
				1B72315B268FCA4C009A2282 /* UIColor+Hex.swift in Sources */,
				1B723159268FC9BB009A2282 /* UIAlertController+ShowSimpleMessage.swift in Sources */,
				1B14034526877994007A5150 /* SceneDelegate.swift in Sources */,
				1B140365268780B9007A5150 /* MainScreenConfigurator.swift in Sources */,
				1B140362268780B9007A5150 /* DefaultMainScreenInteractor.swift in Sources */,
			);
			runOnlyForDeploymentPostprocessing = 0;
		};
/* End PBXSourcesBuildPhase section */

/* Begin PBXVariantGroup section */
		1B14034D26877995007A5150 /* LaunchScreen.storyboard */ = {
			isa = PBXVariantGroup;
			children = (
				1B14034E26877995007A5150 /* Base */,
			);
			name = LaunchScreen.storyboard;
			sourceTree = "<group>";
		};
/* End PBXVariantGroup section */

/* Begin XCBuildConfiguration section */
		1B14035126877995007A5150 /* Debug */ = {
			isa = XCBuildConfiguration;
			buildSettings = {
				ALWAYS_SEARCH_USER_PATHS = NO;
				CLANG_ANALYZER_NONNULL = YES;
				CLANG_ANALYZER_NUMBER_OBJECT_CONVERSION = YES_AGGRESSIVE;
				CLANG_CXX_LANGUAGE_STANDARD = "gnu++14";
				CLANG_CXX_LIBRARY = "libc++";
				CLANG_ENABLE_MODULES = YES;
				CLANG_ENABLE_OBJC_ARC = YES;
				CLANG_ENABLE_OBJC_WEAK = YES;
				CLANG_WARN_BLOCK_CAPTURE_AUTORELEASING = YES;
				CLANG_WARN_BOOL_CONVERSION = YES;
				CLANG_WARN_COMMA = YES;
				CLANG_WARN_CONSTANT_CONVERSION = YES;
				CLANG_WARN_DEPRECATED_OBJC_IMPLEMENTATIONS = YES;
				CLANG_WARN_DIRECT_OBJC_ISA_USAGE = YES_ERROR;
				CLANG_WARN_DOCUMENTATION_COMMENTS = YES;
				CLANG_WARN_EMPTY_BODY = YES;
				CLANG_WARN_ENUM_CONVERSION = YES;
				CLANG_WARN_INFINITE_RECURSION = YES;
				CLANG_WARN_INT_CONVERSION = YES;
				CLANG_WARN_NON_LITERAL_NULL_CONVERSION = YES;
				CLANG_WARN_OBJC_IMPLICIT_RETAIN_SELF = YES;
				CLANG_WARN_OBJC_LITERAL_CONVERSION = YES;
				CLANG_WARN_OBJC_ROOT_CLASS = YES_ERROR;
				CLANG_WARN_QUOTED_INCLUDE_IN_FRAMEWORK_HEADER = YES;
				CLANG_WARN_RANGE_LOOP_ANALYSIS = YES;
				CLANG_WARN_STRICT_PROTOTYPES = YES;
				CLANG_WARN_SUSPICIOUS_MOVE = YES;
				CLANG_WARN_UNGUARDED_AVAILABILITY = YES_AGGRESSIVE;
				CLANG_WARN_UNREACHABLE_CODE = YES;
				CLANG_WARN__DUPLICATE_METHOD_MATCH = YES;
				COPY_PHASE_STRIP = NO;
				DEBUG_INFORMATION_FORMAT = dwarf;
				ENABLE_STRICT_OBJC_MSGSEND = YES;
				ENABLE_TESTABILITY = YES;
				GCC_C_LANGUAGE_STANDARD = gnu11;
				GCC_DYNAMIC_NO_PIC = NO;
				GCC_NO_COMMON_BLOCKS = YES;
				GCC_OPTIMIZATION_LEVEL = 0;
				GCC_PREPROCESSOR_DEFINITIONS = (
					"DEBUG=1",
					"$(inherited)",
				);
				GCC_WARN_64_TO_32_BIT_CONVERSION = YES;
				GCC_WARN_ABOUT_RETURN_TYPE = YES_ERROR;
				GCC_WARN_UNDECLARED_SELECTOR = YES;
				GCC_WARN_UNINITIALIZED_AUTOS = YES_AGGRESSIVE;
				GCC_WARN_UNUSED_FUNCTION = YES;
				GCC_WARN_UNUSED_VARIABLE = YES;
				IPHONEOS_DEPLOYMENT_TARGET = 13.0;
				MTL_ENABLE_DEBUG_INFO = INCLUDE_SOURCE;
				MTL_FAST_MATH = YES;
				ONLY_ACTIVE_ARCH = YES;
				SDKROOT = iphoneos;
				SWIFT_ACTIVE_COMPILATION_CONDITIONS = DEBUG;
				SWIFT_OPTIMIZATION_LEVEL = "-Onone";
			};
			name = Debug;
		};
		1B14035226877995007A5150 /* Release */ = {
			isa = XCBuildConfiguration;
			buildSettings = {
				ALWAYS_SEARCH_USER_PATHS = NO;
				CLANG_ANALYZER_NONNULL = YES;
				CLANG_ANALYZER_NUMBER_OBJECT_CONVERSION = YES_AGGRESSIVE;
				CLANG_CXX_LANGUAGE_STANDARD = "gnu++14";
				CLANG_CXX_LIBRARY = "libc++";
				CLANG_ENABLE_MODULES = YES;
				CLANG_ENABLE_OBJC_ARC = YES;
				CLANG_ENABLE_OBJC_WEAK = YES;
				CLANG_WARN_BLOCK_CAPTURE_AUTORELEASING = YES;
				CLANG_WARN_BOOL_CONVERSION = YES;
				CLANG_WARN_COMMA = YES;
				CLANG_WARN_CONSTANT_CONVERSION = YES;
				CLANG_WARN_DEPRECATED_OBJC_IMPLEMENTATIONS = YES;
				CLANG_WARN_DIRECT_OBJC_ISA_USAGE = YES_ERROR;
				CLANG_WARN_DOCUMENTATION_COMMENTS = YES;
				CLANG_WARN_EMPTY_BODY = YES;
				CLANG_WARN_ENUM_CONVERSION = YES;
				CLANG_WARN_INFINITE_RECURSION = YES;
				CLANG_WARN_INT_CONVERSION = YES;
				CLANG_WARN_NON_LITERAL_NULL_CONVERSION = YES;
				CLANG_WARN_OBJC_IMPLICIT_RETAIN_SELF = YES;
				CLANG_WARN_OBJC_LITERAL_CONVERSION = YES;
				CLANG_WARN_OBJC_ROOT_CLASS = YES_ERROR;
				CLANG_WARN_QUOTED_INCLUDE_IN_FRAMEWORK_HEADER = YES;
				CLANG_WARN_RANGE_LOOP_ANALYSIS = YES;
				CLANG_WARN_STRICT_PROTOTYPES = YES;
				CLANG_WARN_SUSPICIOUS_MOVE = YES;
				CLANG_WARN_UNGUARDED_AVAILABILITY = YES_AGGRESSIVE;
				CLANG_WARN_UNREACHABLE_CODE = YES;
				CLANG_WARN__DUPLICATE_METHOD_MATCH = YES;
				COPY_PHASE_STRIP = NO;
				DEBUG_INFORMATION_FORMAT = "dwarf-with-dsym";
				ENABLE_NS_ASSERTIONS = NO;
				ENABLE_STRICT_OBJC_MSGSEND = YES;
				GCC_C_LANGUAGE_STANDARD = gnu11;
				GCC_NO_COMMON_BLOCKS = YES;
				GCC_WARN_64_TO_32_BIT_CONVERSION = YES;
				GCC_WARN_ABOUT_RETURN_TYPE = YES_ERROR;
				GCC_WARN_UNDECLARED_SELECTOR = YES;
				GCC_WARN_UNINITIALIZED_AUTOS = YES_AGGRESSIVE;
				GCC_WARN_UNUSED_FUNCTION = YES;
				GCC_WARN_UNUSED_VARIABLE = YES;
				IPHONEOS_DEPLOYMENT_TARGET = 13.0;
				MTL_ENABLE_DEBUG_INFO = NO;
				MTL_FAST_MATH = YES;
				SDKROOT = iphoneos;
				SWIFT_COMPILATION_MODE = wholemodule;
				SWIFT_OPTIMIZATION_LEVEL = "-O";
				VALIDATE_PRODUCT = YES;
			};
			name = Release;
		};
		1B14035426877995007A5150 /* Debug */ = {
			isa = XCBuildConfiguration;
			buildSettings = {
				ASSETCATALOG_COMPILER_APPICON_NAME = AppIcon;
				ASSETCATALOG_COMPILER_GLOBAL_ACCENT_COLOR_NAME = AccentColor;
				CODE_SIGN_STYLE = Automatic;
				DEVELOPMENT_TEAM = 34VDSPZYU9;
				INFOPLIST_FILE = "$(SRCROOT)/Improving the application/System/Info.plist";
				IPHONEOS_DEPLOYMENT_TARGET = 13.0;
				LD_RUNPATH_SEARCH_PATHS = (
					"$(inherited)",
					"@executable_path/Frameworks",
				);
				PRODUCT_BUNDLE_IDENTIFIER = "com.sosinvitalii.Improving-the-application";
				PRODUCT_NAME = "$(TARGET_NAME)";
				SWIFT_VERSION = 5.0;
				TARGETED_DEVICE_FAMILY = 1;
			};
			name = Debug;
		};
		1B14035526877995007A5150 /* Release */ = {
			isa = XCBuildConfiguration;
			buildSettings = {
				ASSETCATALOG_COMPILER_APPICON_NAME = AppIcon;
				ASSETCATALOG_COMPILER_GLOBAL_ACCENT_COLOR_NAME = AccentColor;
				CODE_SIGN_STYLE = Automatic;
				DEVELOPMENT_TEAM = 34VDSPZYU9;
				INFOPLIST_FILE = "$(SRCROOT)/Improving the application/System/Info.plist";
				IPHONEOS_DEPLOYMENT_TARGET = 13.0;
				LD_RUNPATH_SEARCH_PATHS = (
					"$(inherited)",
					"@executable_path/Frameworks",
				);
				PRODUCT_BUNDLE_IDENTIFIER = "com.sosinvitalii.Improving-the-application";
				PRODUCT_NAME = "$(TARGET_NAME)";
				SWIFT_VERSION = 5.0;
				TARGETED_DEVICE_FAMILY = 1;
			};
			name = Release;
		};
/* End XCBuildConfiguration section */

/* Begin XCConfigurationList section */
		1B14033A26877994007A5150 /* Build configuration list for PBXProject "Improving the application" */ = {
			isa = XCConfigurationList;
			buildConfigurations = (
				1B14035126877995007A5150 /* Debug */,
				1B14035226877995007A5150 /* Release */,
			);
			defaultConfigurationIsVisible = 0;
			defaultConfigurationName = Release;
		};
		1B14035326877995007A5150 /* Build configuration list for PBXNativeTarget "Improving the application" */ = {
			isa = XCConfigurationList;
			buildConfigurations = (
				1B14035426877995007A5150 /* Debug */,
				1B14035526877995007A5150 /* Release */,
			);
			defaultConfigurationIsVisible = 0;
			defaultConfigurationName = Release;
		};
/* End XCConfigurationList section */
	};
	rootObject = 1B14033726877994007A5150 /* Project object */;
}
